Microsoft Visual Studio Solution File, Format Version 12.00
# Visual Studio Version 17
VisualStudioVersion = 17.7.34024.191
MinimumVisualStudioVersion = 10.0.40219.1
Project("{9A19103F-16F7-4668-BE54-9A1E7A4F7556}") = "FreshGuidance", "FreshGuidance\FreshGuidance.csproj", "{8D6E0FE0-19D6-46DB-9142-E7378F198FF7}"
EndProject
Project("{9A19103F-16F7-4668-BE54-9A1E7A4F7556}") = "GuideTipHintControlDemo", "GuideTipHintControlDemo\GuideTipHintControlDemo.csproj", "{77CD9D10-B2FC-41F6-AD85-92C78C5CC99B}"
EndProject
Project("{FAE04EC0-301F-11D3-BF4B-00C04F79EFBC}") = "GuideClickHintControlDemo", "GuideClickHintControlDemo\GuideClickHintControlDemo.csproj", "{91C746F2-FF92-4043-96A9-8070C07BB60B}"
EndProject
Project("{FAE04EC0-301F-11D3-BF4B-00C04F79EFBC}") = "GuideMixUsageDemo", "GuideMixUsageDemo\GuideMixUsageDemo.csproj", "{6D981A55-E92C-4AA7-ABA4-DECC8189B8C2}"
EndProject
Global
	GlobalSection(SolutionConfigurationPlatforms) = preSolution
		Debug|Any CPU = Debug|Any CPU
		Release|Any CPU = Release|Any CPU
	EndGlobalSection
	GlobalSection(ProjectConfigurationPlatforms) = postSolution
		{8D6E0FE0-19D6-46DB-9142-E7378F198FF7}.Debug|Any CPU.ActiveCfg = Debug|Any CPU
		{8D6E0FE0-19D6-46DB-9142-E7378F198FF7}.Debug|Any CPU.Build.0 = Debug|Any CPU
		{8D6E0FE0-19D6-46DB-9142-E7378F198FF7}.Release|Any CPU.ActiveCfg = Release|Any CPU
		{8D6E0FE0-19D6-46DB-9142-E7378F198FF7}.Release|Any CPU.Build.0 = Release|Any CPU
		{77CD9D10-B2FC-41F6-AD85-92C78C5CC99B}.Debug|Any CPU.ActiveCfg = Debug|Any CPU
		{77CD9D10-B2FC-41F6-AD85-92C78C5CC99B}.Debug|Any CPU.Build.0 = Debug|Any CPU
		{77CD9D10-B2FC-41F6-AD85-92C78C5CC99B}.Release|Any CPU.ActiveCfg = Release|Any CPU
		{77CD9D10-B2FC-41F6-AD85-92C78C5CC99B}.Release|Any CPU.Build.0 = Release|Any CPU
		{91C746F2-FF92-4043-96A9-8070C07BB60B}.Debug|Any CPU.ActiveCfg = Debug|Any CPU
		{91C746F2-FF92-4043-96A9-8070C07BB60B}.Debug|Any CPU.Build.0 = Debug|Any CPU
		{91C746F2-FF92-4043-96A9-8070C07BB60B}.Release|Any CPU.ActiveCfg = Release|Any CPU
		{91C746F2-FF92-4043-96A9-8070C07BB60B}.Release|Any CPU.Build.0 = Release|Any CPU
		{6D981A55-E92C-4AA7-ABA4-DECC8189B8C2}.Debug|Any CPU.ActiveCfg = Debug|Any CPU
		{6D981A55-E92C-4AA7-ABA4-DECC8189B8C2}.Debug|Any CPU.Build.0 = Debug|Any CPU
		{6D981A55-E92C-4AA7-ABA4-DECC8189B8C2}.Release|Any CPU.ActiveCfg = Release|Any CPU
		{6D981A55-E92C-4AA7-ABA4-DECC8189B8C2}.Release|Any CPU.Build.0 = Release|Any CPU
	EndGlobalSection
	GlobalSection(SolutionProperties) = preSolution
		HideSolutionNode = FALSE
	EndGlobalSection
	GlobalSection(ExtensibilityGlobals) = postSolution
		SolutionGuid = {F12B695E-436A-49B7-80DF-6728557F1A10}
	EndGlobalSection
EndGlobal
